// !$*UTF8*$!
{
	archiveVersion = 1;
	classes = {
	};
	objectVersion = 50;
	objects = {

/* Begin PBXBuildFile section */
		84F3F646223FAD8A0037B5D0 /* AppDelegate.swift in Sources */ = {isa = PBXBuildFile; fileRef = 84F3F645223FAD8A0037B5D0 /* AppDelegate.swift */; };
		84F3F648223FAD8A0037B5D0 /* ViewController.swift in Sources */ = {isa = PBXBuildFile; fileRef = 84F3F647223FAD8A0037B5D0 /* ViewController.swift */; };
		84F3F64B223FAD8A0037B5D0 /* Main.storyboard in Resources */ = {isa = PBXBuildFile; fileRef = 84F3F649223FAD8A0037B5D0 /* Main.storyboard */; };
		84F3F64D223FAD8B0037B5D0 /* Assets.xcassets in Resources */ = {isa = PBXBuildFile; fileRef = 84F3F64C223FAD8B0037B5D0 /* Assets.xcassets */; };
		84F3F650223FAD8B0037B5D0 /* LaunchScreen.storyboard in Resources */ = {isa = PBXBuildFile; fileRef = 84F3F64E223FAD8B0037B5D0 /* LaunchScreen.storyboard */; };
		84F3F65B223FAD8B0037B5D0 /* userloginTests.swift in Sources */ = {isa = PBXBuildFile; fileRef = 84F3F65A223FAD8B0037B5D0 /* userloginTests.swift */; };
		84F3F666223FAD8B0037B5D0 /* userloginUITests.swift in Sources */ = {isa = PBXBuildFile; fileRef = 84F3F665223FAD8B0037B5D0 /* userloginUITests.swift */; };
		84F3F674223FB1350037B5D0 /* XYZViewController.swift in Sources */ = {isa = PBXBuildFile; fileRef = 84F3F673223FB1350037B5D0 /* XYZViewController.swift */; };
		84F3F676223FB14F0037B5D0 /* ABCViewController.swift in Sources */ = {isa = PBXBuildFile; fileRef = 84F3F675223FB14F0037B5D0 /* ABCViewController.swift */; };
/* End PBXBuildFile section */

/* Begin PBXContainerItemProxy section */
		84F3F657223FAD8B0037B5D0 /* PBXContainerItemProxy */ = {
			isa = PBXContainerItemProxy;
			containerPortal = 84F3F63A223FAD8A0037B5D0 /* Project object */;
			proxyType = 1;
			remoteGlobalIDString = 84F3F641223FAD8A0037B5D0;
			remoteInfo = userlogin;
		};
		84F3F662223FAD8B0037B5D0 /* PBXContainerItemProxy */ = {
			isa = PBXContainerItemProxy;
			containerPortal = 84F3F63A223FAD8A0037B5D0 /* Project object */;
			proxyType = 1;
			remoteGlobalIDString = 84F3F641223FAD8A0037B5D0;
			remoteInfo = userlogin;
		};
/* End PBXContainerItemProxy section */

/* Begin PBXFileReference section */
		84F3F642223FAD8A0037B5D0 /* userlogin.app */ = {isa = PBXFileReference; explicitFileType = wrapper.application; includeInIndex = 0; path = userlogin.app; sourceTree = BUILT_PRODUCTS_DIR; };
		84F3F645223FAD8A0037B5D0 /* AppDelegate.swift */ = {isa = PBXFileReference; lastKnownFileType = sourcecode.swift; path = AppDelegate.swift; sourceTree = "<group>"; };
		84F3F647223FAD8A0037B5D0 /* ViewController.swift */ = {isa = PBXFileReference; lastKnownFileType = sourcecode.swift; path = ViewController.swift; sourceTree = "<group>"; };
		84F3F64A223FAD8A0037B5D0 /* Base */ = {isa = PBXFileReference; lastKnownFileType = file.storyboard; name = Base; path = Base.lproj/Main.storyboard; sourceTree = "<group>"; };
		84F3F64C223FAD8B0037B5D0 /* Assets.xcassets */ = {isa = PBXFileReference; lastKnownFileType = folder.assetcatalog; path = Assets.xcassets; sourceTree = "<group>"; };
		84F3F64F223FAD8B0037B5D0 /* Base */ = {isa = PBXFileReference; lastKnownFileType = file.storyboard; name = Base; path = Base.lproj/LaunchScreen.storyboard; sourceTree = "<group>"; };
		84F3F651223FAD8B0037B5D0 /* Info.plist */ = {isa = PBXFileReference; lastKnownFileType = text.plist.xml; path = Info.plist; sourceTree = "<group>"; };
		84F3F656223FAD8B0037B5D0 /* userloginTests.xctest */ = {isa = PBXFileReference; explicitFileType = wrapper.cfbundle; includeInIndex = 0; path = userloginTests.xctest; sourceTree = BUILT_PRODUCTS_DIR; };
		84F3F65A223FAD8B0037B5D0 /* userloginTests.swift */ = {isa = PBXFileReference; lastKnownFileType = sourcecode.swift; path = userloginTests.swift; sourceTree = "<group>"; };
		84F3F65C223FAD8B0037B5D0 /* Info.plist */ = {isa = PBXFileReference; lastKnownFileType = text.plist.xml; path = Info.plist; sourceTree = "<group>"; };
		84F3F661223FAD8B0037B5D0 /* userloginUITests.xctest */ = {isa = PBXFileReference; explicitFileType = wrapper.cfbundle; includeInIndex = 0; path = userloginUITests.xctest; sourceTree = BUILT_PRODUCTS_DIR; };
		84F3F665223FAD8B0037B5D0 /* userloginUITests.swift */ = {isa = PBXFileReference; lastKnownFileType = sourcecode.swift; path = userloginUITests.swift; sourceTree = "<group>"; };
		84F3F667223FAD8B0037B5D0 /* Info.plist */ = {isa = PBXFileReference; lastKnownFileType = text.plist.xml; path = Info.plist; sourceTree = "<group>"; };
		84F3F673223FB1350037B5D0 /* XYZViewController.swift */ = {isa = PBXFileReference; lastKnownFileType = sourcecode.swift; path = XYZViewController.swift; sourceTree = "<group>"; };
		84F3F675223FB14F0037B5D0 /* ABCViewController.swift */ = {isa = PBXFileReference; lastKnownFileType = sourcecode.swift; path = ABCViewController.swift; sourceTree = "<group>"; };
/* End PBXFileReference section */

/* Begin PBXFrameworksBuildPhase section */
		84F3F63F223FAD8A0037B5D0 /* Frameworks */ = {
			isa = PBXFrameworksBuildPhase;
			buildActionMask = 2147483647;
			files = (
			);
			runOnlyForDeploymentPostprocessing = 0;
		};
		84F3F653223FAD8B0037B5D0 /* Frameworks */ = {
			isa = PBXFrameworksBuildPhase;
			buildActionMask = 2147483647;
			files = (
			);
			runOnlyForDeploymentPostprocessing = 0;
		};
		84F3F65E223FAD8B0037B5D0 /* Frameworks */ = {
			isa = PBXFrameworksBuildPhase;
			buildActionMask = 2147483647;
			files = (
			);
			runOnlyForDeploymentPostprocessing = 0;
		};
/* End PBXFrameworksBuildPhase section */

/* Begin PBXGroup section */
		84F3F639223FAD8A0037B5D0 = {
			isa = PBXGroup;
			children = (
				84F3F675223FB14F0037B5D0 /* ABCViewController.swift */,
				84F3F673223FB1350037B5D0 /* XYZViewController.swift */,
				84F3F644223FAD8A0037B5D0 /* userlogin */,
				84F3F659223FAD8B0037B5D0 /* userloginTests */,
				84F3F664223FAD8B0037B5D0 /* userloginUITests */,
				84F3F643223FAD8A0037B5D0 /* Products */,
			);
			sourceTree = "<group>";
		};
		84F3F643223FAD8A0037B5D0 /* Products */ = {
			isa = PBXGroup;
			children = (
				84F3F642223FAD8A0037B5D0 /* userlogin.app */,
				84F3F656223FAD8B0037B5D0 /* userloginTests.xctest */,
				84F3F661223FAD8B0037B5D0 /* userloginUITests.xctest */,
			);
			name = Products;
			sourceTree = "<group>";
		};
		84F3F644223FAD8A0037B5D0 /* userlogin */ = {
			isa = PBXGroup;
			children = (
				84F3F645223FAD8A0037B5D0 /* AppDelegate.swift */,
				84F3F647223FAD8A0037B5D0 /* ViewController.swift */,
				84F3F649223FAD8A0037B5D0 /* Main.storyboard */,
				84F3F64C223FAD8B0037B5D0 /* Assets.xcassets */,
				84F3F64E223FAD8B0037B5D0 /* LaunchScreen.storyboard */,
				84F3F651223FAD8B0037B5D0 /* Info.plist */,
			);
			path = userlogin;
			sourceTree = "<group>";
		};
		84F3F659223FAD8B0037B5D0 /* userloginTests */ = {
			isa = PBXGroup;
			children = (
				84F3F65A223FAD8B0037B5D0 /* userloginTests.swift */,
				84F3F65C223FAD8B0037B5D0 /* Info.plist */,
			);
			path = userloginTests;
			sourceTree = "<group>";
		};
		84F3F664223FAD8B0037B5D0 /* userloginUITests */ = {
			isa = PBXGroup;
			children = (
				84F3F665223FAD8B0037B5D0 /* userloginUITests.swift */,
				84F3F667223FAD8B0037B5D0 /* Info.plist */,
			);
			path = userloginUITests;
			sourceTree = "<group>";
		};
/* End PBXGroup section */

/* Begin PBXNativeTarget section */
		84F3F641223FAD8A0037B5D0 /* userlogin */ = {
			isa = PBXNativeTarget;
			buildConfigurationList = 84F3F66A223FAD8B0037B5D0 /* Build configuration list for PBXNativeTarget "userlogin" */;
			buildPhases = (
				84F3F63E223FAD8A0037B5D0 /* Sources */,
				84F3F63F223FAD8A0037B5D0 /* Frameworks */,
				84F3F640223FAD8A0037B5D0 /* Resources */,
			);
			buildRules = (
			);
			dependencies = (
			);
			name = userlogin;
			productName = userlogin;
			productReference = 84F3F642223FAD8A0037B5D0 /* userlogin.app */;
			productType = "com.apple.product-type.application";
		};
		84F3F655223FAD8B0037B5D0 /* userloginTests */ = {
			isa = PBXNativeTarget;
			buildConfigurationList = 84F3F66D223FAD8B0037B5D0 /* Build configuration list for PBXNativeTarget "userloginTests" */;
			buildPhases = (
				84F3F652223FAD8B0037B5D0 /* Sources */,
				84F3F653223FAD8B0037B5D0 /* Frameworks */,
				84F3F654223FAD8B0037B5D0 /* Resources */,
			);
			buildRules = (
			);
			dependencies = (
				84F3F658223FAD8B0037B5D0 /* PBXTargetDependency */,
			);
			name = userloginTests;
			productName = userloginTests;
			productReference = 84F3F656223FAD8B0037B5D0 /* userloginTests.xctest */;
			productType = "com.apple.product-type.bundle.unit-test";
		};
		84F3F660223FAD8B0037B5D0 /* userloginUITests */ = {
			isa = PBXNativeTarget;
			buildConfigurationList = 84F3F670223FAD8B0037B5D0 /* Build configuration list for PBXNativeTarget "userloginUITests" */;
			buildPhases = (
				84F3F65D223FAD8B0037B5D0 /* Sources */,
				84F3F65E223FAD8B0037B5D0 /* Frameworks */,
				84F3F65F223FAD8B0037B5D0 /* Resources */,
			);
			buildRules = (
			);
			dependencies = (
				84F3F663223FAD8B0037B5D0 /* PBXTargetDependency */,
			);
			name = userloginUITests;
			productName = userloginUITests;
			productReference = 84F3F661223FAD8B0037B5D0 /* userloginUITests.xctest */;
			productType = "com.apple.product-type.bundle.ui-testing";
		};
/* End PBXNativeTarget section */

/* Begin PBXProject section */
		84F3F63A223FAD8A0037B5D0 /* Project object */ = {
			isa = PBXProject;
			attributes = {
				LastSwiftUpdateCheck = 1010;
				LastUpgradeCheck = 1010;
				ORGANIZATIONNAME = ACE;
				TargetAttributes = {
					84F3F641223FAD8A0037B5D0 = {
						CreatedOnToolsVersion = 10.1;
					};
					84F3F655223FAD8B0037B5D0 = {
						CreatedOnToolsVersion = 10.1;
						TestTargetID = 84F3F641223FAD8A0037B5D0;
					};
					84F3F660223FAD8B0037B5D0 = {
						CreatedOnToolsVersion = 10.1;
						TestTargetID = 84F3F641223FAD8A0037B5D0;
					};
				};
			};
			buildConfigurationList = 84F3F63D223FAD8A0037B5D0 /* Build configuration list for PBXProject "userlogin" */;
			compatibilityVersion = "Xcode 9.3";
			developmentRegion = en;
			hasScannedForEncodings = 0;
			knownRegions = (
				en,
				Base,
			);
			mainGroup = 84F3F639223FAD8A0037B5D0;
			productRefGroup = 84F3F643223FAD8A0037B5D0 /* Products */;
			projectDirPath = "";
			projectRoot = "";
			targets = (
				84F3F641223FAD8A0037B5D0 /* userlogin */,
				84F3F655223FAD8B0037B5D0 /* userloginTests */,
				84F3F660223FAD8B0037B5D0 /* userloginUITests */,
			);
		};
/* End PBXProject section */

/* Begin PBXResourcesBuildPhase section */
		84F3F640223FAD8A0037B5D0 /* Resources */ = {
			isa = PBXResourcesBuildPhase;
			buildActionMask = 2147483647;
			files = (
				84F3F650223FAD8B0037B5D0 /* LaunchScreen.storyboard in Resources */,
				84F3F64D223FAD8B0037B5D0 /* Assets.xcassets in Resources */,
				84F3F64B223FAD8A0037B5D0 /* Main.storyboard in Resources */,
			);
			runOnlyForDeploymentPostprocessing = 0;
		};
		84F3F654223FAD8B0037B5D0 /* Resources */ = {
			isa = PBXResourcesBuildPhase;
			buildActionMask = 2147483647;
			files = (
			);
			runOnlyForDeploymentPostprocessing = 0;
		};
		84F3F65F223FAD8B0037B5D0 /* Resources */ = {
			isa = PBXResourcesBuildPhase;
			buildActionMask = 2147483647;
			files = (
			);
			runOnlyForDeploymentPostprocessing = 0;
		};
/* End PBXResourcesBuildPhase section */

/* Begin PBXSourcesBuildPhase section */
		84F3F63E223FAD8A0037B5D0 /* Sources */ = {
			isa = PBXSourcesBuildPhase;
			buildActionMask = 2147483647;
			files = (
				84F3F648223FAD8A0037B5D0 /* ViewController.swift in Sources */,
				84F3F646223FAD8A0037B5D0 /* AppDelegate.swift in Sources */,
				84F3F674223FB1350037B5D0 /* XYZViewController.swift in Sources */,
				84F3F676223FB14F0037B5D0 /* ABCViewController.swift in Sources */,
			);
			runOnlyForDeploymentPostprocessing = 0;
		};
		84F3F652223FAD8B0037B5D0 /* Sources */ = {
			isa = PBXSourcesBuildPhase;
			buildActionMask = 2147483647;
			files = (
				84F3F65B223FAD8B0037B5D0 /* userloginTests.swift in Sources */,
			);
			runOnlyForDeploymentPostprocessing = 0;
		};
		84F3F65D223FAD8B0037B5D0 /* Sources */ = {
			isa = PBXSourcesBuildPhase;
			buildActionMask = 2147483647;
			files = (
				84F3F666223FAD8B0037B5D0 /* userloginUITests.swift in Sources */,
			);
			runOnlyForDeploymentPostprocessing = 0;
		};
/* End PBXSourcesBuildPhase section */

/* Begin PBXTargetDependency section */
		84F3F658223FAD8B0037B5D0 /* PBXTargetDependency */ = {
			isa = PBXTargetDependency;
			target = 84F3F641223FAD8A0037B5D0 /* userlogin */;
			targetProxy = 84F3F657223FAD8B0037B5D0 /* PBXContainerItemProxy */;
		};
		84F3F663223FAD8B0037B5D0 /* PBXTargetDependency */ = {
			isa = PBXTargetDependency;
			target = 84F3F641223FAD8A0037B5D0 /* userlogin */;
			targetProxy = 84F3F662223FAD8B0037B5D0 /* PBXContainerItemProxy */;
		};
/* End PBXTargetDependency section */

/* Begin PBXVariantGroup section */
		84F3F649223FAD8A0037B5D0 /* Main.storyboard */ = {
			isa = PBXVariantGroup;
			children = (
				84F3F64A223FAD8A0037B5D0 /* Base */,
			);
			name = Main.storyboard;
			sourceTree = "<group>";
		};
		84F3F64E223FAD8B0037B5D0 /* LaunchScreen.storyboard */ = {
			isa = PBXVariantGroup;
			children = (
				84F3F64F223FAD8B0037B5D0 /* Base */,
			);
			name = LaunchScreen.storyboard;
			sourceTree = "<group>";
		};
/* End PBXVariantGroup section */

/* Begin XCBuildConfiguration section */
		84F3F668223FAD8B0037B5D0 /* Debug */ = {
			isa = XCBuildConfiguration;
			buildSettings = {
				ALWAYS_SEARCH_USER_PATHS = NO;
				CLANG_ANALYZER_NONNULL = YES;
				CLANG_ANALYZER_NUMBER_OBJECT_CONVERSION = YES_AGGRESSIVE;
				CLANG_CXX_LANGUAGE_STANDARD = "gnu++14";
				CLANG_CXX_LIBRARY = "libc++";
				CLANG_ENABLE_MODULES = YES;
				CLANG_ENABLE_OBJC_ARC = YES;
				CLANG_ENABLE_OBJC_WEAK = YES;
				CLANG_WARN_BLOCK_CAPTURE_AUTORELEASING = YES;
				CLANG_WARN_BOOL_CONVERSION = YES;
				CLANG_WARN_COMMA = YES;
				CLANG_WARN_CONSTANT_CONVERSION = YES;
				CLANG_WARN_DEPRECATED_OBJC_IMPLEMENTATIONS = YES;
				CLANG_WARN_DIRECT_OBJC_ISA_USAGE = YES_ERROR;
				CLANG_WARN_DOCUMENTATION_COMMENTS = YES;
				CLANG_WARN_EMPTY_BODY = YES;
				CLANG_WARN_ENUM_CONVERSION = YES;
				CLANG_WARN_INFINITE_RECURSION = YES;
				CLANG_WARN_INT_CONVERSION = YES;
				CLANG_WARN_NON_LITERAL_NULL_CONVERSION = YES;
				CLANG_WARN_OBJC_IMPLICIT_RETAIN_SELF = YES;
				CLANG_WARN_OBJC_LITERAL_CONVERSION = YES;
				CLANG_WARN_OBJC_ROOT_CLASS = YES_ERROR;
				CLANG_WARN_RANGE_LOOP_ANALYSIS = YES;
				CLANG_WARN_STRICT_PROTOTYPES = YES;
				CLANG_WARN_SUSPICIOUS_MOVE = YES;
				CLANG_WARN_UNGUARDED_AVAILABILITY = YES_AGGRESSIVE;
				CLANG_WARN_UNREACHABLE_CODE = YES;
				CLANG_WARN__DUPLICATE_METHOD_MATCH = YES;
				CODE_SIGN_IDENTITY = "iPhone Developer";
				COPY_PHASE_STRIP = NO;
				DEBUG_INFORMATION_FORMAT = dwarf;
				ENABLE_STRICT_OBJC_MSGSEND = YES;
				ENABLE_TESTABILITY = YES;
				GCC_C_LANGUAGE_STANDARD = gnu11;
				GCC_DYNAMIC_NO_PIC = NO;
				GCC_NO_COMMON_BLOCKS = YES;
				GCC_OPTIMIZATION_LEVEL = 0;
				GCC_PREPROCESSOR_DEFINITIONS = (
					"DEBUG=1",
					"$(inherited)",
				);
				GCC_WARN_64_TO_32_BIT_CONVERSION = YES;
				GCC_WARN_ABOUT_RETURN_TYPE = YES_ERROR;
				GCC_WARN_UNDECLARED_SELECTOR = YES;
				GCC_WARN_UNINITIALIZED_AUTOS = YES_AGGRESSIVE;
				GCC_WARN_UNUSED_FUNCTION = YES;
				GCC_WARN_UNUSED_VARIABLE = YES;
				IPHONEOS_DEPLOYMENT_TARGET = 12.1;
				MTL_ENABLE_DEBUG_INFO = INCLUDE_SOURCE;
				MTL_FAST_MATH = YES;
				ONLY_ACTIVE_ARCH = YES;
				SDKROOT = iphoneos;
				SWIFT_ACTIVE_COMPILATION_CONDITIONS = DEBUG;
				SWIFT_OPTIMIZATION_LEVEL = "-Onone";
			};
			name = Debug;
		};
		84F3F669223FAD8B0037B5D0 /* Release */ = {
			isa = XCBuildConfiguration;
			buildSettings = {
				ALWAYS_SEARCH_USER_PATHS = NO;
				CLANG_ANALYZER_NONNULL = YES;
				CLANG_ANALYZER_NUMBER_OBJECT_CONVERSION = YES_AGGRESSIVE;
				CLANG_CXX_LANGUAGE_STANDARD = "gnu++14";
				CLANG_CXX_LIBRARY = "libc++";
				CLANG_ENABLE_MODULES = YES;
				CLANG_ENABLE_OBJC_ARC = YES;
				CLANG_ENABLE_OBJC_WEAK = YES;
				CLANG_WARN_BLOCK_CAPTURE_AUTORELEASING = YES;
				CLANG_WARN_BOOL_CONVERSION = YES;
				CLANG_WARN_COMMA = YES;
				CLANG_WARN_CONSTANT_CONVERSION = YES;
				CLANG_WARN_DEPRECATED_OBJC_IMPLEMENTATIONS = YES;
				CLANG_WARN_DIRECT_OBJC_ISA_USAGE = YES_ERROR;
				CLANG_WARN_DOCUMENTATION_COMMENTS = YES;
				CLANG_WARN_EMPTY_BODY = YES;
				CLANG_WARN_ENUM_CONVERSION = YES;
				CLANG_WARN_INFINITE_RECURSION = YES;
				CLANG_WARN_INT_CONVERSION = YES;
				CLANG_WARN_NON_LITERAL_NULL_CONVERSION = YES;
				CLANG_WARN_OBJC_IMPLICIT_RETAIN_SELF = YES;
				CLANG_WARN_OBJC_LITERAL_CONVERSION = YES;
				CLANG_WARN_OBJC_ROOT_CLASS = YES_ERROR;
				CLANG_WARN_RANGE_LOOP_ANALYSIS = YES;
				CLANG_WARN_STRICT_PROTOTYPES = YES;
				CLANG_WARN_SUSPICIOUS_MOVE = YES;
				CLANG_WARN_UNGUARDED_AVAILABILITY = YES_AGGRESSIVE;
				CLANG_WARN_UNREACHABLE_CODE = YES;
				CLANG_WARN__DUPLICATE_METHOD_MATCH = YES;
				CODE_SIGN_IDENTITY = "iPhone Developer";
				COPY_PHASE_STRIP = NO;
				DEBUG_INFORMATION_FORMAT = "dwarf-with-dsym";
				ENABLE_NS_ASSERTIONS = NO;
				ENABLE_STRICT_OBJC_MSGSEND = YES;
				GCC_C_LANGUAGE_STANDARD = gnu11;
				GCC_NO_COMMON_BLOCKS = YES;
				GCC_WARN_64_TO_32_BIT_CONVERSION = YES;
				GCC_WARN_ABOUT_RETURN_TYPE = YES_ERROR;
				GCC_WARN_UNDECLARED_SELECTOR = YES;
				GCC_WARN_UNINITIALIZED_AUTOS = YES_AGGRESSIVE;
				GCC_WARN_UNUSED_FUNCTION = YES;
				GCC_WARN_UNUSED_VARIABLE = YES;
				IPHONEOS_DEPLOYMENT_TARGET = 12.1;
				MTL_ENABLE_DEBUG_INFO = NO;
				MTL_FAST_MATH = YES;
				SDKROOT = iphoneos;
				SWIFT_COMPILATION_MODE = wholemodule;
				SWIFT_OPTIMIZATION_LEVEL = "-O";
				VALIDATE_PRODUCT = YES;
			};
			name = Release;
		};
		84F3F66B223FAD8B0037B5D0 /* Debug */ = {
			isa = XCBuildConfiguration;
			buildSettings = {
				ASSETCATALOG_COMPILER_APPICON_NAME = AppIcon;
				CODE_SIGN_STYLE = Automatic;
				INFOPLIST_FILE = userlogin/Info.plist;
				IPHONEOS_DEPLOYMENT_TARGET = 12.1;
				LD_RUNPATH_SEARCH_PATHS = (
					"$(inherited)",
					"@executable_path/Frameworks",
				);
				PRODUCT_BUNDLE_IDENTIFIER = com.atharva.userlogin;
				PRODUCT_NAME = "$(TARGET_NAME)";
				SWIFT_VERSION = 4.2;
				TARGETED_DEVICE_FAMILY = "1,2";
			};
			name = Debug;
		};
		84F3F66C223FAD8B0037B5D0 /* Release */ = {
			isa = XCBuildConfiguration;
			buildSettings = {
				ASSETCATALOG_COMPILER_APPICON_NAME = AppIcon;
				CODE_SIGN_STYLE = Automatic;
				INFOPLIST_FILE = userlogin/Info.plist;
				IPHONEOS_DEPLOYMENT_TARGET = 12.1;
				LD_RUNPATH_SEARCH_PATHS = (
					"$(inherited)",
					"@executable_path/Frameworks",
				);
				PRODUCT_BUNDLE_IDENTIFIER = com.atharva.userlogin;
				PRODUCT_NAME = "$(TARGET_NAME)";
				SWIFT_VERSION = 4.2;
				TARGETED_DEVICE_FAMILY = "1,2";
			};
			name = Release;
		};
		84F3F66E223FAD8B0037B5D0 /* Debug */ = {
			isa = XCBuildConfiguration;
			buildSettings = {
				ALWAYS_EMBED_SWIFT_STANDARD_LIBRARIES = YES;
				BUNDLE_LOADER = "$(TEST_HOST)";
				CODE_SIGN_STYLE = Automatic;
				INFOPLIST_FILE = userloginTests/Info.plist;
				LD_RUNPATH_SEARCH_PATHS = (
					"$(inherited)",
					"@executable_path/Frameworks",
					"@loader_path/Frameworks",
				);
				PRODUCT_BUNDLE_IDENTIFIER = com.atharva.userloginTests;
				PRODUCT_NAME = "$(TARGET_NAME)";
				SWIFT_VERSION = 4.2;
				TARGETED_DEVICE_FAMILY = "1,2";
				TEST_HOST = "$(BUILT_PRODUCTS_DIR)/userlogin.app/userlogin";
			};
			name = Debug;
		};
		84F3F66F223FAD8B0037B5D0 /* Release */ = {
			isa = XCBuildConfiguration;
			buildSettings = {
				ALWAYS_EMBED_SWIFT_STANDARD_LIBRARIES = YES;
				BUNDLE_LOADER = "$(TEST_HOST)";
				CODE_SIGN_STYLE = Automatic;
				INFOPLIST_FILE = userloginTests/Info.plist;
				LD_RUNPATH_SEARCH_PATHS = (
					"$(inherited)",
					"@executable_path/Frameworks",
					"@loader_path/Frameworks",
				);
				PRODUCT_BUNDLE_IDENTIFIER = com.atharva.userloginTests;
				PRODUCT_NAME = "$(TARGET_NAME)";
				SWIFT_VERSION = 4.2;
				TARGETED_DEVICE_FAMILY = "1,2";
				TEST_HOST = "$(BUILT_PRODUCTS_DIR)/userlogin.app/userlogin";
			};
			name = Release;
		};
		84F3F671223FAD8B0037B5D0 /* Debug */ = {
			isa = XCBuildConfiguration;
			buildSettings = {
				ALWAYS_EMBED_SWIFT_STANDARD_LIBRARIES = YES;
				CODE_SIGN_STYLE = Automatic;
				INFOPLIST_FILE = userloginUITests/Info.plist;
				LD_RUNPATH_SEARCH_PATHS = (
					"$(inherited)",
					"@executable_path/Frameworks",
					"@loader_path/Frameworks",
				);
				PRODUCT_BUNDLE_IDENTIFIER = com.atharva.userloginUITests;
				PRODUCT_NAME = "$(TARGET_NAME)";
				SWIFT_VERSION = 4.2;
				TARGETED_DEVICE_FAMILY = "1,2";
				TEST_TARGET_NAME = userlogin;
			};
			name = Debug;
		};
		84F3F672223FAD8B0037B5D0 /* Release */ = {
			isa = XCBuildConfiguration;
			buildSettings = {
				ALWAYS_EMBED_SWIFT_STANDARD_LIBRARIES = YES;
				CODE_SIGN_STYLE = Automatic;
				INFOPLIST_FILE = userloginUITests/Info.plist;
				LD_RUNPATH_SEARCH_PATHS = (
					"$(inherited)",
					"@executable_path/Frameworks",
					"@loader_path/Frameworks",
				);
				PRODUCT_BUNDLE_IDENTIFIER = com.atharva.userloginUITests;
				PRODUCT_NAME = "$(TARGET_NAME)";
				SWIFT_VERSION = 4.2;
				TARGETED_DEVICE_FAMILY = "1,2";
				TEST_TARGET_NAME = userlogin;
			};
			name = Release;
		};
/* End XCBuildConfiguration section */

/* Begin XCConfigurationList section */
		84F3F63D223FAD8A0037B5D0 /* Build configuration list for PBXProject "userlogin" */ = {
			isa = XCConfigurationList;
			buildConfigurations = (
				84F3F668223FAD8B0037B5D0 /* Debug */,
				84F3F669223FAD8B0037B5D0 /* Release */,
			);
			defaultConfigurationIsVisible = 0;
			defaultConfigurationName = Release;
		};
		84F3F66A223FAD8B0037B5D0 /* Build configuration list for PBXNativeTarget "userlogin" */ = {
			isa = XCConfigurationList;
			buildConfigurations = (
				84F3F66B223FAD8B0037B5D0 /* Debug */,
				84F3F66C223FAD8B0037B5D0 /* Release */,
			);
			defaultConfigurationIsVisible = 0;
			defaultConfigurationName = Release;
		};
		84F3F66D223FAD8B0037B5D0 /* Build configuration list for PBXNativeTarget "userloginTests" */ = {
			isa = XCConfigurationList;
			buildConfigurations = (
				84F3F66E223FAD8B0037B5D0 /* Debug */,
				84F3F66F223FAD8B0037B5D0 /* Release */,
			);
			defaultConfigurationIsVisible = 0;
			defaultConfigurationName = Release;
		};
		84F3F670223FAD8B0037B5D0 /* Build configuration list for PBXNativeTarget "userloginUITests" */ = {
			isa = XCConfigurationList;
			buildConfigurations = (
				84F3F671223FAD8B0037B5D0 /* Debug */,
				84F3F672223FAD8B0037B5D0 /* Release */,
			);
			defaultConfigurationIsVisible = 0;
			defaultConfigurationName = Release;
		};
/* End XCConfigurationList section */
	};
	rootObject = 84F3F63A223FAD8A0037B5D0 /* Project object */;
}
